
Microsoft Visual Studio Solution File, Format Version 12.00
# Visual Studio Version 17
VisualStudioVersion = 17.12.35506.116 d17.12
MinimumVisualStudioVersion = 10.0.40219.1
Project("{FAE04EC0-301F-11D3-BF4B-00C04F79EFBC}") = "ITP-Fall2024-JeromeSmith3", "ITP-Fall2024-JeromeSmith3\ITP-Fall2024-JeromeSmith3.csproj", "{76748E2E-698A-4BD0-8337-637188190CB0}"
EndProject
Project("{FAE04EC0-301F-11D3-BF4B-00C04F79EFBC}") = "ITP245-Agile_Model", "ITP245-Agile-Model\ITP245-Agile_Model.csproj", "{0888AE24-51AB-416E-BE6B-801A6D0ED164}"
EndProject
Project("{FAE04EC0-301F-11D3-BF4B-00C04F79EFBC}") = "ITP245-Sports_Model", "ITP245-Sports_Model\ITP245-Sports_Model.csproj", "{F36DEE4B-1D6D-4492-B40D-2F45B464303F}"
EndProject
Global
	GlobalSection(SolutionConfigurationPlatforms) = preSolution
		Debug|Any CPU = Debug|Any CPU
		Release|Any CPU = Release|Any CPU
	EndGlobalSection
	GlobalSection(ProjectConfigurationPlatforms) = postSolution
		{76748E2E-698A-4BD0-8337-637188190CB0}.Debug|Any CPU.ActiveCfg = Debug|Any CPU
		{76748E2E-698A-4BD0-8337-637188190CB0}.Debug|Any CPU.Build.0 = Debug|Any CPU
		{76748E2E-698A-4BD0-8337-637188190CB0}.Release|Any CPU.ActiveCfg = Release|Any CPU
		{76748E2E-698A-4BD0-8337-637188190CB0}.Release|Any CPU.Build.0 = Release|Any CPU
		{0888AE24-51AB-416E-BE6B-801A6D0ED164}.Debug|Any CPU.ActiveCfg = Debug|Any CPU
		{0888AE24-51AB-416E-BE6B-801A6D0ED164}.Debug|Any CPU.Build.0 = Debug|Any CPU
		{0888AE24-51AB-416E-BE6B-801A6D0ED164}.Release|Any CPU.ActiveCfg = Release|Any CPU
		{0888AE24-51AB-416E-BE6B-801A6D0ED164}.Release|Any CPU.Build.0 = Release|Any CPU
		{F36DEE4B-1D6D-4492-B40D-2F45B464303F}.Debug|Any CPU.ActiveCfg = Debug|Any CPU
		{F36DEE4B-1D6D-4492-B40D-2F45B464303F}.Debug|Any CPU.Build.0 = Debug|Any CPU
		{F36DEE4B-1D6D-4492-B40D-2F45B464303F}.Release|Any CPU.ActiveCfg = Release|Any CPU
		{F36DEE4B-1D6D-4492-B40D-2F45B464303F}.Release|Any CPU.Build.0 = Release|Any CPU
	EndGlobalSection
	GlobalSection(SolutionProperties) = preSolution
		HideSolutionNode = FALSE
	EndGlobalSection
EndGlobal
